
Microsoft Visual Studio Solution File, Format Version 12.00
# Visual Studio Version 16
VisualStudioVersion = 16.0.29318.209
MinimumVisualStudioVersion = 10.0.40219.1
Project("{FAE04EC0-301F-11D3-BF4B-00C04F79EFBC}") = "Csharp project Q9", "Csharp project Q9\Csharp project Q9.csproj", "{13198D5F-6138-43B4-BE3C-9AE7C55DCE71}"
EndProject
Global
	GlobalSection(SolutionConfigurationPlatforms) = preSolution
		Debug|Any CPU = Debug|Any CPU
		Release|Any CPU = Release|Any CPU
	EndGlobalSection
	GlobalSection(ProjectConfigurationPlatforms) = postSolution
		{13198D5F-6138-43B4-BE3C-9AE7C55DCE71}.Debug|Any CPU.ActiveCfg = Debug|Any CPU
		{13198D5F-6138-43B4-BE3C-9AE7C55DCE71}.Debug|Any CPU.Build.0 = Debug|Any CPU
		{13198D5F-6138-43B4-BE3C-9AE7C55DCE71}.Release|Any CPU.ActiveCfg = Release|Any CPU
		{13198D5F-6138-43B4-BE3C-9AE7C55DCE71}.Release|Any CPU.Build.0 = Release|Any CPU
	EndGlobalSection
	GlobalSection(SolutionProperties) = preSolution
		HideSolutionNode = FALSE
	EndGlobalSection
	GlobalSection(ExtensibilityGlobals) = postSolution
		SolutionGuid = {44D29648-06F6-47E5-90FD-143CAA17F99C}
	EndGlobalSection
EndGlobal
